{
    "version": 3,
    "terraform_version": "0.11.4",
    "serial": 10,
    "lineage": "65d14cd9-8780-c386-dc88-070a366b54d4",
    "modules": [
        {
            "path": [
                "root"
            ],
            "outputs": {},
            "resources": {
                "aws_eip.jenkins_master": {
                    "type": "aws_eip",
                    "depends_on": [
                        "aws_instance.jenkins_master"
                    ],
                    "primary": {
                        "id": "eipalloc-03cd900682e9aefce",
                        "attributes": {
                            "association_id": "eipassoc-0db2b3534c6eca019",
                            "domain": "vpc",
                            "id": "eipalloc-03cd900682e9aefce",
                            "instance": "i-0334b5b122587b076",
                            "network_interface": "eni-0fd52282b4d8e34dd",
                            "private_ip": "172.31.80.180",
                            "public_ip": "18.233.230.32",
                            "tags.%": "0",
                            "vpc": "true"
                        },
                        "meta": {},
                        "tainted": false
                    },
                    "deposed": [],
                    "provider": "provider.aws"
                },
                "aws_instance.jenkins_master": {
                    "type": "aws_instance",
                    "depends_on": [
                        "aws_key_pair.provisioner",
                        "aws_security_group.ssh_and_http"
                    ],
                    "primary": {
                        "id": "i-0334b5b122587b076",
                        "attributes": {
                            "ami": "ami-43a15f3e",
                            "associate_public_ip_address": "true",
                            "availability_zone": "us-east-1a",
                            "disable_api_termination": "false",
                            "ebs_block_device.#": "0",
                            "ebs_optimized": "false",
                            "ephemeral_block_device.#": "0",
                            "iam_instance_profile": "",
                            "id": "i-0334b5b122587b076",
                            "instance_state": "running",
                            "instance_type": "t2.micro",
                            "ipv6_addresses.#": "0",
                            "key_name": "terransible_provisioner",
                            "monitoring": "false",
                            "network_interface.#": "0",
                            "network_interface_id": "eni-0fd52282b4d8e34dd",
                            "placement_group": "",
                            "primary_network_interface_id": "eni-0fd52282b4d8e34dd",
                            "private_dns": "ip-172-31-80-180.ec2.internal",
                            "private_ip": "172.31.80.180",
                            "public_dns": "ec2-18-233-166-68.compute-1.amazonaws.com",
                            "public_ip": "18.233.166.68",
                            "root_block_device.#": "1",
                            "root_block_device.0.delete_on_termination": "true",
                            "root_block_device.0.iops": "100",
                            "root_block_device.0.volume_id": "vol-01acc6b8533e4a283",
                            "root_block_device.0.volume_size": "8",
                            "root_block_device.0.volume_type": "gp2",
                            "security_groups.#": "1",
                            "security_groups.2750370019": "allow_ssh_and_http",
                            "source_dest_check": "true",
                            "subnet_id": "subnet-180c3d37",
                            "tags.%": "2",
                            "tags.Name": "jenkins_master",
                            "tags.role": "jenkins_master",
                            "tenancy": "default",
                            "volume_tags.%": "0",
                            "vpc_security_group_ids.#": "1",
                            "vpc_security_group_ids.4066582729": "sg-0f618c223aa185557"
                        },
                        "meta": {
                            "e2bfb730-ecaa-11e6-8f88-34363bc7c4c0": {
                                "create": 600000000000,
                                "delete": 1200000000000,
                                "update": 600000000000
                            },
                            "schema_version": "1"
                        },
                        "tainted": false
                    },
                    "deposed": [],
                    "provider": "provider.aws"
                },
                "aws_key_pair.provisioner": {
                    "type": "aws_key_pair",
                    "depends_on": [],
                    "primary": {
                        "id": "terransible_provisioner",
                        "attributes": {
                            "id": "terransible_provisioner",
                            "key_name": "terransible_provisioner",
                            "public_key": "ssh-rsa AAAAB3NzaC1yc2EAAAADAQABAAABAQDN1jRzTBOwbxKUdA26996k4g+2rJUmKJFjGa02mKOGqMkgTPuYlNtfqwK3Hdl8thxZVSlw+xRm8MwT6tCBdsms3+wk7AHh7SbAtb1G2zjj9z+Nc6p2rYgiTl/C9XPTl0rgcrqyEJwFnFshy2xf04q3aki9n6veo1ZX6/u81BZKHnkMgK3c+3EgtoKa8e1UFZ/LbwLaGqhNHDJpaIR9D6ccHLEVJpl9JKku+QFIhSqTi0C9xrsDVrHQKY9pu+MimIu2jIIHFQtcMQ+MGISTK55qZlMBVYm+RvBOMCzTy/KlGQWi+ZgCbhPMBKpOYYaGb+wE8v3YMQhz4MxwIKxeVQxl terransible_provisioner"
                        },
                        "meta": {
                            "schema_version": "1"
                        },
                        "tainted": false
                    },
                    "deposed": [],
                    "provider": "provider.aws"
                },
                "aws_security_group.ssh_and_http": {
                    "type": "aws_security_group",
                    "depends_on": [],
                    "primary": {
                        "id": "sg-0f618c223aa185557",
                        "attributes": {
                            "description": "Allow SSH and HTTP traffic",
                            "egress.#": "1",
                            "egress.482069346.cidr_blocks.#": "1",
                            "egress.482069346.cidr_blocks.0": "0.0.0.0/0",
                            "egress.482069346.description": "",
                            "egress.482069346.from_port": "0",
                            "egress.482069346.ipv6_cidr_blocks.#": "0",
                            "egress.482069346.prefix_list_ids.#": "0",
                            "egress.482069346.protocol": "-1",
                            "egress.482069346.security_groups.#": "0",
                            "egress.482069346.self": "false",
                            "egress.482069346.to_port": "0",
                            "id": "sg-0f618c223aa185557",
                            "ingress.#": "5",
                            "ingress.2214680975.cidr_blocks.#": "1",
                            "ingress.2214680975.cidr_blocks.0": "0.0.0.0/0",
                            "ingress.2214680975.description": "",
                            "ingress.2214680975.from_port": "80",
                            "ingress.2214680975.ipv6_cidr_blocks.#": "0",
                            "ingress.2214680975.protocol": "TCP",
                            "ingress.2214680975.security_groups.#": "0",
                            "ingress.2214680975.self": "false",
                            "ingress.2214680975.to_port": "80",
                            "ingress.2319052179.cidr_blocks.#": "1",
                            "ingress.2319052179.cidr_blocks.0": "0.0.0.0/0",
                            "ingress.2319052179.description": "",
                            "ingress.2319052179.from_port": "9000",
                            "ingress.2319052179.ipv6_cidr_blocks.#": "0",
                            "ingress.2319052179.protocol": "TCP",
                            "ingress.2319052179.security_groups.#": "0",
                            "ingress.2319052179.self": "false",
                            "ingress.2319052179.to_port": "9000",
                            "ingress.2541437006.cidr_blocks.#": "1",
                            "ingress.2541437006.cidr_blocks.0": "0.0.0.0/0",
                            "ingress.2541437006.description": "",
                            "ingress.2541437006.from_port": "22",
                            "ingress.2541437006.ipv6_cidr_blocks.#": "0",
                            "ingress.2541437006.protocol": "TCP",
                            "ingress.2541437006.security_groups.#": "0",
                            "ingress.2541437006.self": "false",
                            "ingress.2541437006.to_port": "22",
                            "ingress.2617001939.cidr_blocks.#": "1",
                            "ingress.2617001939.cidr_blocks.0": "0.0.0.0/0",
                            "ingress.2617001939.description": "",
                            "ingress.2617001939.from_port": "443",
                            "ingress.2617001939.ipv6_cidr_blocks.#": "0",
                            "ingress.2617001939.protocol": "TCP",
                            "ingress.2617001939.security_groups.#": "0",
                            "ingress.2617001939.self": "false",
                            "ingress.2617001939.to_port": "443",
                            "ingress.516175195.cidr_blocks.#": "1",
                            "ingress.516175195.cidr_blocks.0": "0.0.0.0/0",
                            "ingress.516175195.description": "",
                            "ingress.516175195.from_port": "8080",
                            "ingress.516175195.ipv6_cidr_blocks.#": "0",
                            "ingress.516175195.protocol": "TCP",
                            "ingress.516175195.security_groups.#": "0",
                            "ingress.516175195.self": "false",
                            "ingress.516175195.to_port": "8080",
                            "name": "allow_ssh_and_http",
                            "owner_id": "522444388441",
                            "revoke_rules_on_delete": "false",
                            "tags.%": "0",
                            "vpc_id": "vpc-f0d5568b"
                        },
                        "meta": {
                            "e2bfb730-ecaa-11e6-8f88-34363bc7c4c0": {
                                "create": 600000000000,
                                "delete": 600000000000
                            },
                            "schema_version": "1"
                        },
                        "tainted": false
                    },
                    "deposed": [],
                    "provider": "provider.aws"
                }
            },
            "depends_on": []
        }
    ]
}
